
Microsoft Visual Studio Solution File, Format Version 12.00
# Visual Studio 15
VisualStudioVersion = 15.0.27130.0
MinimumVisualStudioVersion = 10.0.40219.1
Project("{8BC9CEB8-8B4A-11D0-8D11-00A0C91BC942}") = "守卫堡垒", "守卫堡垒\守卫堡垒.vcxproj", "{9622DA85-DBB1-4FA3-A3BE-4D048C00B776}"
EndProject
Project("{54435603-DBB4-11D2-8724-00A0C9A8B90C}") = "守卫堡垒1.0", "守卫堡垒1.0\守卫堡垒1.0.vdproj", "{ECD3587D-952F-421D-AEC2-933E37B6F07C}"
EndProject
Global
	GlobalSection(SolutionConfigurationPlatforms) = preSolution
		Debug|x64 = Debug|x64
		Debug|x86 = Debug|x86
		Release|x64 = Release|x64
		Release|x86 = Release|x86
	EndGlobalSection
	GlobalSection(ProjectConfigurationPlatforms) = postSolution
		{9622DA85-DBB1-4FA3-A3BE-4D048C00B776}.Debug|x64.ActiveCfg = Debug|x64
		{9622DA85-DBB1-4FA3-A3BE-4D048C00B776}.Debug|x64.Build.0 = Debug|x64
		{9622DA85-DBB1-4FA3-A3BE-4D048C00B776}.Debug|x86.ActiveCfg = Debug|Win32
		{9622DA85-DBB1-4FA3-A3BE-4D048C00B776}.Debug|x86.Build.0 = Debug|Win32
		{9622DA85-DBB1-4FA3-A3BE-4D048C00B776}.Release|x64.ActiveCfg = Release|x64
		{9622DA85-DBB1-4FA3-A3BE-4D048C00B776}.Release|x64.Build.0 = Release|x64
		{9622DA85-DBB1-4FA3-A3BE-4D048C00B776}.Release|x86.ActiveCfg = Release|Win32
		{9622DA85-DBB1-4FA3-A3BE-4D048C00B776}.Release|x86.Build.0 = Release|Win32
		{ECD3587D-952F-421D-AEC2-933E37B6F07C}.Debug|x64.ActiveCfg = Debug
		{ECD3587D-952F-421D-AEC2-933E37B6F07C}.Debug|x86.ActiveCfg = Debug
		{ECD3587D-952F-421D-AEC2-933E37B6F07C}.Release|x64.ActiveCfg = Release
		{ECD3587D-952F-421D-AEC2-933E37B6F07C}.Release|x86.ActiveCfg = Release
	EndGlobalSection
	GlobalSection(SolutionProperties) = preSolution
		HideSolutionNode = FALSE
	EndGlobalSection
	GlobalSection(ExtensibilityGlobals) = postSolution
		SolutionGuid = {6081D755-CFFE-49A2-819F-2299F7356D5A}
	EndGlobalSection
EndGlobal
